
Microsoft Visual Studio Solution File, Format Version 12.00
# Visual Studio 15
VisualStudioVersion = 15.0.28307.136
MinimumVisualStudioVersion = 10.0.40219.1
Project("{FAE04EC0-301F-11D3-BF4B-00C04F79EFBC}") = "BookApiProject", "BookApiProject\BookApiProject.csproj", "{48252C56-BE48-4309-AF3A-5B66B00E6172}"
EndProject
Global
	GlobalSection(SolutionConfigurationPlatforms) = preSolution
		Debug|Any CPU = Debug|Any CPU
		Release|Any CPU = Release|Any CPU
	EndGlobalSection
	GlobalSection(ProjectConfigurationPlatforms) = postSolution
		{48252C56-BE48-4309-AF3A-5B66B00E6172}.Debug|Any CPU.ActiveCfg = Debug|Any CPU
		{48252C56-BE48-4309-AF3A-5B66B00E6172}.Debug|Any CPU.Build.0 = Debug|Any CPU
		{48252C56-BE48-4309-AF3A-5B66B00E6172}.Release|Any CPU.ActiveCfg = Release|Any CPU
		{48252C56-BE48-4309-AF3A-5B66B00E6172}.Release|Any CPU.Build.0 = Release|Any CPU
	EndGlobalSection
	GlobalSection(SolutionProperties) = preSolution
		HideSolutionNode = FALSE
	EndGlobalSection
	GlobalSection(ExtensibilityGlobals) = postSolution
		SolutionGuid = {D13EF4B0-1655-435E-9939-0E4E8289DB7D}
	EndGlobalSection
EndGlobal
